
Microsoft Visual Studio Solution File, Format Version 12.00
# Visual Studio Version 16
VisualStudioVersion = 16.0.29102.190
MinimumVisualStudioVersion = 10.0.40219.1
Project("{FAE04EC0-301F-11D3-BF4B-00C04F79EFBC}") = "Aplicacion de eventos", "Aplicacion de eventos\Aplicacion de eventos.csproj", "{2C25CF3F-9A1B-49D2-AE3D-A4EDFDC30FF0}"
EndProject
Global
	GlobalSection(SolutionConfigurationPlatforms) = preSolution
		Debug|Any CPU = Debug|Any CPU
		Release|Any CPU = Release|Any CPU
	EndGlobalSection
	GlobalSection(ProjectConfigurationPlatforms) = postSolution
		{2C25CF3F-9A1B-49D2-AE3D-A4EDFDC30FF0}.Debug|Any CPU.ActiveCfg = Debug|Any CPU
		{2C25CF3F-9A1B-49D2-AE3D-A4EDFDC30FF0}.Debug|Any CPU.Build.0 = Debug|Any CPU
		{2C25CF3F-9A1B-49D2-AE3D-A4EDFDC30FF0}.Release|Any CPU.ActiveCfg = Release|Any CPU
		{2C25CF3F-9A1B-49D2-AE3D-A4EDFDC30FF0}.Release|Any CPU.Build.0 = Release|Any CPU
	EndGlobalSection
	GlobalSection(SolutionProperties) = preSolution
		HideSolutionNode = FALSE
	EndGlobalSection
	GlobalSection(ExtensibilityGlobals) = postSolution
		SolutionGuid = {DCF46499-76C8-4C32-839B-AC47CFDD78A6}
	EndGlobalSection
EndGlobal
